
Microsoft Visual Studio Solution File, Format Version 12.00
# Visual Studio Version 17
VisualStudioVersion = 17.4.33213.308
MinimumVisualStudioVersion = 10.0.40219.1
Project("{FAE04EC0-301F-11D3-BF4B-00C04F79EFBC}") = "AutomatyzacjaTestow", "a1qaWebTesting\AutomatyzacjaTestow.csproj", "{F3F72007-232B-4DF9-AAF2-3E04FD1A3674}"
EndProject
Global
	GlobalSection(SolutionConfigurationPlatforms) = preSolution
		Debug|Any CPU = Debug|Any CPU
		Release|Any CPU = Release|Any CPU
	EndGlobalSection
	GlobalSection(ProjectConfigurationPlatforms) = postSolution
		{F3F72007-232B-4DF9-AAF2-3E04FD1A3674}.Debug|Any CPU.ActiveCfg = Debug|Any CPU
		{F3F72007-232B-4DF9-AAF2-3E04FD1A3674}.Debug|Any CPU.Build.0 = Debug|Any CPU
		{F3F72007-232B-4DF9-AAF2-3E04FD1A3674}.Release|Any CPU.ActiveCfg = Release|Any CPU
		{F3F72007-232B-4DF9-AAF2-3E04FD1A3674}.Release|Any CPU.Build.0 = Release|Any CPU
	EndGlobalSection
	GlobalSection(SolutionProperties) = preSolution
		HideSolutionNode = FALSE
	EndGlobalSection
	GlobalSection(ExtensibilityGlobals) = postSolution
		SolutionGuid = {839D8A48-FA51-4EE3-84E2-60F4158BB879}
	EndGlobalSection
EndGlobal
